
Microsoft Visual Studio Solution File, Format Version 12.00
# Visual Studio 2012
Project("{FAE04EC0-301F-11D3-BF4B-00C04F79EFBC}") = "BrickStAPI", "BrickStAPI\BrickStAPI.csproj", "{711497CD-FA63-4855-8D31-1525175B8CDA}"
EndProject
Project("{2150E333-8FDC-42A3-9474-1A3956D46DE8}") = ".nuget", ".nuget", "{5ADA3423-7E72-4859-995F-0B2A726B1822}"
	ProjectSection(SolutionItems) = preProject
		.nuget\NuGet.Config = .nuget\NuGet.Config
		.nuget\NuGet.exe = .nuget\NuGet.exe
		.nuget\NuGet.targets = .nuget\NuGet.targets
	EndProjectSection
EndProject
Project("{FAE04EC0-301F-11D3-BF4B-00C04F79EFBC}") = "BrickStreetApi.Test", "BrickStreetApi.Test\BrickStreetApi.Test.csproj", "{C8A95233-78AA-4852-A651-A99A89F25ED3}"
EndProject
Global
	GlobalSection(SolutionConfigurationPlatforms) = preSolution
		Debug|Any CPU = Debug|Any CPU
		Release|Any CPU = Release|Any CPU
	EndGlobalSection
	GlobalSection(ProjectConfigurationPlatforms) = postSolution
		{711497CD-FA63-4855-8D31-1525175B8CDA}.Debug|Any CPU.ActiveCfg = Debug|Any CPU
		{711497CD-FA63-4855-8D31-1525175B8CDA}.Debug|Any CPU.Build.0 = Debug|Any CPU
		{711497CD-FA63-4855-8D31-1525175B8CDA}.Release|Any CPU.ActiveCfg = Release|Any CPU
		{711497CD-FA63-4855-8D31-1525175B8CDA}.Release|Any CPU.Build.0 = Release|Any CPU
		{C8A95233-78AA-4852-A651-A99A89F25ED3}.Debug|Any CPU.ActiveCfg = Debug|Any CPU
		{C8A95233-78AA-4852-A651-A99A89F25ED3}.Debug|Any CPU.Build.0 = Debug|Any CPU
		{C8A95233-78AA-4852-A651-A99A89F25ED3}.Release|Any CPU.ActiveCfg = Release|Any CPU
		{C8A95233-78AA-4852-A651-A99A89F25ED3}.Release|Any CPU.Build.0 = Release|Any CPU
	EndGlobalSection
	GlobalSection(SolutionProperties) = preSolution
		HideSolutionNode = FALSE
	EndGlobalSection
EndGlobal
